
Microsoft Visual Studio Solution File, Format Version 12.00
# Visual Studio 15
VisualStudioVersion = 15.0.26730.16
MinimumVisualStudioVersion = 10.0.40219.1
Project("{FAE04EC0-301F-11D3-BF4B-00C04F79EFBC}") = "SongPlaylistLib", "SongPlaylistLib\SongPlaylistLib.csproj", "{56909841-404F-4BF2-BCAE-C8374CE4EF01}"
EndProject
Project("{FAE04EC0-301F-11D3-BF4B-00C04F79EFBC}") = "SongPlaylistTest", "SongPlaylistTest\SongPlaylistTest.csproj", "{DE69BCBF-6938-4BDC-A087-F50D757B842C}"
EndProject
Project("{2150E333-8FDC-42A3-9474-1A3956D46DE8}") = "Solution Items", "Solution Items", "{1593367A-36F8-4CD0-A782-3247683559C3}"
	ProjectSection(SolutionItems) = preProject
		README.md = README.md
	EndProjectSection
EndProject
Project("{FAE04EC0-301F-11D3-BF4B-00C04F79EFBC}") = "SongPlaylistREST", "SongPlaylistREST\SongPlaylistREST.csproj", "{24EE97D6-6566-49D3-9C63-1EB74BD675C9}"
EndProject
Global
	GlobalSection(SolutionConfigurationPlatforms) = preSolution
		Debug|Any CPU = Debug|Any CPU
		Release|Any CPU = Release|Any CPU
	EndGlobalSection
	GlobalSection(ProjectConfigurationPlatforms) = postSolution
		{56909841-404F-4BF2-BCAE-C8374CE4EF01}.Debug|Any CPU.ActiveCfg = Debug|Any CPU
		{56909841-404F-4BF2-BCAE-C8374CE4EF01}.Debug|Any CPU.Build.0 = Debug|Any CPU
		{56909841-404F-4BF2-BCAE-C8374CE4EF01}.Release|Any CPU.ActiveCfg = Release|Any CPU
		{56909841-404F-4BF2-BCAE-C8374CE4EF01}.Release|Any CPU.Build.0 = Release|Any CPU
		{DE69BCBF-6938-4BDC-A087-F50D757B842C}.Debug|Any CPU.ActiveCfg = Debug|Any CPU
		{DE69BCBF-6938-4BDC-A087-F50D757B842C}.Debug|Any CPU.Build.0 = Debug|Any CPU
		{DE69BCBF-6938-4BDC-A087-F50D757B842C}.Release|Any CPU.ActiveCfg = Release|Any CPU
		{DE69BCBF-6938-4BDC-A087-F50D757B842C}.Release|Any CPU.Build.0 = Release|Any CPU
		{24EE97D6-6566-49D3-9C63-1EB74BD675C9}.Debug|Any CPU.ActiveCfg = Debug|Any CPU
		{24EE97D6-6566-49D3-9C63-1EB74BD675C9}.Debug|Any CPU.Build.0 = Debug|Any CPU
		{24EE97D6-6566-49D3-9C63-1EB74BD675C9}.Release|Any CPU.ActiveCfg = Release|Any CPU
		{24EE97D6-6566-49D3-9C63-1EB74BD675C9}.Release|Any CPU.Build.0 = Release|Any CPU
	EndGlobalSection
	GlobalSection(SolutionProperties) = preSolution
		HideSolutionNode = FALSE
	EndGlobalSection
	GlobalSection(ExtensibilityGlobals) = postSolution
		SolutionGuid = {6A7EE9C6-94CF-4E00-9464-6A67E48FE1EE}
	EndGlobalSection
EndGlobal
